
Microsoft Visual Studio Solution File, Format Version 12.00
# Visual Studio 14
VisualStudioVersion = 14.0.25420.1
MinimumVisualStudioVersion = 10.0.40219.1
Project("{FAE04EC0-301F-11D3-BF4B-00C04F79EFBC}") = "WPFClient", "WPFClient\WPFClient.csproj", "{B5AC7D4A-C757-4AEE-9A71-31F5BB9CD3C6}"
EndProject
Project("{FAE04EC0-301F-11D3-BF4B-00C04F79EFBC}") = "WebAPI", "WebAPI\WebAPI.csproj", "{E92FFFF4-EA52-402F-BCC2-F3B3CE1D62C0}"
EndProject
Project("{FAE04EC0-301F-11D3-BF4B-00C04F79EFBC}") = "WebAPI.Tests", "WebAPI.Tests\WebAPI.Tests.csproj", "{206BB326-0DF6-462D-9B2F-5415E77CD247}"
EndProject
Project("{FAE04EC0-301F-11D3-BF4B-00C04F79EFBC}") = "DAL", "DAL\DAL.csproj", "{FDD6BD2A-71F3-4DFA-AB20-0BC69484C70B}"
EndProject
Project("{FAE04EC0-301F-11D3-BF4B-00C04F79EFBC}") = "WPFClient.Tests", "WPFClient.Tests\WPFClient.Tests.csproj", "{B634D6A5-CA16-4320-B3FA-D97EEE71A263}"
EndProject
Global
	GlobalSection(SolutionConfigurationPlatforms) = preSolution
		Debug|Any CPU = Debug|Any CPU
		Debug|ARM = Debug|ARM
		Debug|x64 = Debug|x64
		Debug|x86 = Debug|x86
		Release|Any CPU = Release|Any CPU
		Release|ARM = Release|ARM
		Release|x64 = Release|x64
		Release|x86 = Release|x86
	EndGlobalSection
	GlobalSection(ProjectConfigurationPlatforms) = postSolution
		{B5AC7D4A-C757-4AEE-9A71-31F5BB9CD3C6}.Debug|Any CPU.ActiveCfg = Debug|Any CPU
		{B5AC7D4A-C757-4AEE-9A71-31F5BB9CD3C6}.Debug|Any CPU.Build.0 = Debug|Any CPU
		{B5AC7D4A-C757-4AEE-9A71-31F5BB9CD3C6}.Debug|ARM.ActiveCfg = Debug|Any CPU
		{B5AC7D4A-C757-4AEE-9A71-31F5BB9CD3C6}.Debug|ARM.Build.0 = Debug|Any CPU
		{B5AC7D4A-C757-4AEE-9A71-31F5BB9CD3C6}.Debug|x64.ActiveCfg = Debug|Any CPU
		{B5AC7D4A-C757-4AEE-9A71-31F5BB9CD3C6}.Debug|x64.Build.0 = Debug|Any CPU
		{B5AC7D4A-C757-4AEE-9A71-31F5BB9CD3C6}.Debug|x86.ActiveCfg = Debug|Any CPU
		{B5AC7D4A-C757-4AEE-9A71-31F5BB9CD3C6}.Debug|x86.Build.0 = Debug|Any CPU
		{B5AC7D4A-C757-4AEE-9A71-31F5BB9CD3C6}.Release|Any CPU.ActiveCfg = Release|Any CPU
		{B5AC7D4A-C757-4AEE-9A71-31F5BB9CD3C6}.Release|Any CPU.Build.0 = Release|Any CPU
		{B5AC7D4A-C757-4AEE-9A71-31F5BB9CD3C6}.Release|ARM.ActiveCfg = Release|Any CPU
		{B5AC7D4A-C757-4AEE-9A71-31F5BB9CD3C6}.Release|ARM.Build.0 = Release|Any CPU
		{B5AC7D4A-C757-4AEE-9A71-31F5BB9CD3C6}.Release|x64.ActiveCfg = Release|Any CPU
		{B5AC7D4A-C757-4AEE-9A71-31F5BB9CD3C6}.Release|x64.Build.0 = Release|Any CPU
		{B5AC7D4A-C757-4AEE-9A71-31F5BB9CD3C6}.Release|x86.ActiveCfg = Release|Any CPU
		{B5AC7D4A-C757-4AEE-9A71-31F5BB9CD3C6}.Release|x86.Build.0 = Release|Any CPU
		{E92FFFF4-EA52-402F-BCC2-F3B3CE1D62C0}.Debug|Any CPU.ActiveCfg = Debug|Any CPU
		{E92FFFF4-EA52-402F-BCC2-F3B3CE1D62C0}.Debug|Any CPU.Build.0 = Debug|Any CPU
		{E92FFFF4-EA52-402F-BCC2-F3B3CE1D62C0}.Debug|ARM.ActiveCfg = Debug|Any CPU
		{E92FFFF4-EA52-402F-BCC2-F3B3CE1D62C0}.Debug|ARM.Build.0 = Debug|Any CPU
		{E92FFFF4-EA52-402F-BCC2-F3B3CE1D62C0}.Debug|x64.ActiveCfg = Debug|Any CPU
		{E92FFFF4-EA52-402F-BCC2-F3B3CE1D62C0}.Debug|x64.Build.0 = Debug|Any CPU
		{E92FFFF4-EA52-402F-BCC2-F3B3CE1D62C0}.Debug|x86.ActiveCfg = Debug|Any CPU
		{E92FFFF4-EA52-402F-BCC2-F3B3CE1D62C0}.Debug|x86.Build.0 = Debug|Any CPU
		{E92FFFF4-EA52-402F-BCC2-F3B3CE1D62C0}.Release|Any CPU.ActiveCfg = Release|Any CPU
		{E92FFFF4-EA52-402F-BCC2-F3B3CE1D62C0}.Release|Any CPU.Build.0 = Release|Any CPU
		{E92FFFF4-EA52-402F-BCC2-F3B3CE1D62C0}.Release|ARM.ActiveCfg = Release|Any CPU
		{E92FFFF4-EA52-402F-BCC2-F3B3CE1D62C0}.Release|ARM.Build.0 = Release|Any CPU
		{E92FFFF4-EA52-402F-BCC2-F3B3CE1D62C0}.Release|x64.ActiveCfg = Release|Any CPU
		{E92FFFF4-EA52-402F-BCC2-F3B3CE1D62C0}.Release|x64.Build.0 = Release|Any CPU
		{E92FFFF4-EA52-402F-BCC2-F3B3CE1D62C0}.Release|x86.ActiveCfg = Release|Any CPU
		{E92FFFF4-EA52-402F-BCC2-F3B3CE1D62C0}.Release|x86.Build.0 = Release|Any CPU
		{206BB326-0DF6-462D-9B2F-5415E77CD247}.Debug|Any CPU.ActiveCfg = Debug|Any CPU
		{206BB326-0DF6-462D-9B2F-5415E77CD247}.Debug|Any CPU.Build.0 = Debug|Any CPU
		{206BB326-0DF6-462D-9B2F-5415E77CD247}.Debug|ARM.ActiveCfg = Debug|Any CPU
		{206BB326-0DF6-462D-9B2F-5415E77CD247}.Debug|ARM.Build.0 = Debug|Any CPU
		{206BB326-0DF6-462D-9B2F-5415E77CD247}.Debug|x64.ActiveCfg = Debug|Any CPU
		{206BB326-0DF6-462D-9B2F-5415E77CD247}.Debug|x64.Build.0 = Debug|Any CPU
		{206BB326-0DF6-462D-9B2F-5415E77CD247}.Debug|x86.ActiveCfg = Debug|Any CPU
		{206BB326-0DF6-462D-9B2F-5415E77CD247}.Debug|x86.Build.0 = Debug|Any CPU
		{206BB326-0DF6-462D-9B2F-5415E77CD247}.Release|Any CPU.ActiveCfg = Release|Any CPU
		{206BB326-0DF6-462D-9B2F-5415E77CD247}.Release|Any CPU.Build.0 = Release|Any CPU
		{206BB326-0DF6-462D-9B2F-5415E77CD247}.Release|ARM.ActiveCfg = Release|Any CPU
		{206BB326-0DF6-462D-9B2F-5415E77CD247}.Release|ARM.Build.0 = Release|Any CPU
		{206BB326-0DF6-462D-9B2F-5415E77CD247}.Release|x64.ActiveCfg = Release|Any CPU
		{206BB326-0DF6-462D-9B2F-5415E77CD247}.Release|x64.Build.0 = Release|Any CPU
		{206BB326-0DF6-462D-9B2F-5415E77CD247}.Release|x86.ActiveCfg = Release|Any CPU
		{206BB326-0DF6-462D-9B2F-5415E77CD247}.Release|x86.Build.0 = Release|Any CPU
		{FDD6BD2A-71F3-4DFA-AB20-0BC69484C70B}.Debug|Any CPU.ActiveCfg = Debug|Any CPU
		{FDD6BD2A-71F3-4DFA-AB20-0BC69484C70B}.Debug|Any CPU.Build.0 = Debug|Any CPU
		{FDD6BD2A-71F3-4DFA-AB20-0BC69484C70B}.Debug|ARM.ActiveCfg = Debug|Any CPU
		{FDD6BD2A-71F3-4DFA-AB20-0BC69484C70B}.Debug|ARM.Build.0 = Debug|Any CPU
		{FDD6BD2A-71F3-4DFA-AB20-0BC69484C70B}.Debug|x64.ActiveCfg = Debug|Any CPU
		{FDD6BD2A-71F3-4DFA-AB20-0BC69484C70B}.Debug|x64.Build.0 = Debug|Any CPU
		{FDD6BD2A-71F3-4DFA-AB20-0BC69484C70B}.Debug|x86.ActiveCfg = Debug|Any CPU
		{FDD6BD2A-71F3-4DFA-AB20-0BC69484C70B}.Debug|x86.Build.0 = Debug|Any CPU
		{FDD6BD2A-71F3-4DFA-AB20-0BC69484C70B}.Release|Any CPU.ActiveCfg = Release|Any CPU
		{FDD6BD2A-71F3-4DFA-AB20-0BC69484C70B}.Release|Any CPU.Build.0 = Release|Any CPU
		{FDD6BD2A-71F3-4DFA-AB20-0BC69484C70B}.Release|ARM.ActiveCfg = Release|Any CPU
		{FDD6BD2A-71F3-4DFA-AB20-0BC69484C70B}.Release|ARM.Build.0 = Release|Any CPU
		{FDD6BD2A-71F3-4DFA-AB20-0BC69484C70B}.Release|x64.ActiveCfg = Release|Any CPU
		{FDD6BD2A-71F3-4DFA-AB20-0BC69484C70B}.Release|x64.Build.0 = Release|Any CPU
		{FDD6BD2A-71F3-4DFA-AB20-0BC69484C70B}.Release|x86.ActiveCfg = Release|Any CPU
		{FDD6BD2A-71F3-4DFA-AB20-0BC69484C70B}.Release|x86.Build.0 = Release|Any CPU
		{B634D6A5-CA16-4320-B3FA-D97EEE71A263}.Debug|Any CPU.ActiveCfg = Debug|Any CPU
		{B634D6A5-CA16-4320-B3FA-D97EEE71A263}.Debug|Any CPU.Build.0 = Debug|Any CPU
		{B634D6A5-CA16-4320-B3FA-D97EEE71A263}.Debug|ARM.ActiveCfg = Debug|Any CPU
		{B634D6A5-CA16-4320-B3FA-D97EEE71A263}.Debug|ARM.Build.0 = Debug|Any CPU
		{B634D6A5-CA16-4320-B3FA-D97EEE71A263}.Debug|x64.ActiveCfg = Debug|Any CPU
		{B634D6A5-CA16-4320-B3FA-D97EEE71A263}.Debug|x64.Build.0 = Debug|Any CPU
		{B634D6A5-CA16-4320-B3FA-D97EEE71A263}.Debug|x86.ActiveCfg = Debug|Any CPU
		{B634D6A5-CA16-4320-B3FA-D97EEE71A263}.Debug|x86.Build.0 = Debug|Any CPU
		{B634D6A5-CA16-4320-B3FA-D97EEE71A263}.Release|Any CPU.ActiveCfg = Release|Any CPU
		{B634D6A5-CA16-4320-B3FA-D97EEE71A263}.Release|Any CPU.Build.0 = Release|Any CPU
		{B634D6A5-CA16-4320-B3FA-D97EEE71A263}.Release|ARM.ActiveCfg = Release|Any CPU
		{B634D6A5-CA16-4320-B3FA-D97EEE71A263}.Release|ARM.Build.0 = Release|Any CPU
		{B634D6A5-CA16-4320-B3FA-D97EEE71A263}.Release|x64.ActiveCfg = Release|Any CPU
		{B634D6A5-CA16-4320-B3FA-D97EEE71A263}.Release|x64.Build.0 = Release|Any CPU
		{B634D6A5-CA16-4320-B3FA-D97EEE71A263}.Release|x86.ActiveCfg = Release|Any CPU
		{B634D6A5-CA16-4320-B3FA-D97EEE71A263}.Release|x86.Build.0 = Release|Any CPU
	EndGlobalSection
	GlobalSection(SolutionProperties) = preSolution
		HideSolutionNode = FALSE
	EndGlobalSection
EndGlobal
